// !$*UTF8*$!
{
	archiveVersion = 1;
	classes = {
	};
	objectVersion = 77;
	objects = {

/* Begin PBXBuildFile section */
		C24560FA2F377283007765DF /* APIService.swift in Sources */ = {isa = PBXBuildFile; fileRef = C24560F92F3771AB007765DF /* APIService.swift */; };
		C27EB9C52F3B7E7600C3D598 /* SearchView.swift in Sources */ = {isa = PBXBuildFile; fileRef = C27EB9C42F3B7E7600C3D598 /* SearchView.swift */; };
		C29724762F350FB5009BFD38 /* SetlistApp.swift in Sources */ = {isa = PBXBuildFile; fileRef = C29724752F350FB5009BFD38 /* SetlistApp.swift */; };
		C29724782F350FB5009BFD38 /* ContentView.swift in Sources */ = {isa = PBXBuildFile; fileRef = C29724772F350FB5009BFD38 /* ContentView.swift */; };
		C297247D2F350FB6009BFD38 /* Preview Assets.xcassets in Resources */ = {isa = PBXBuildFile; fileRef = C297247C2F350FB6009BFD38 /* Preview Assets.xcassets */; };
		C297248C2F35117E009BFD38 /* Assets.xcassets in Resources */ = {isa = PBXBuildFile; fileRef = C297248B2F35117E009BFD38 /* Assets.xcassets */; };
		C29724902F351988009BFD38 /* FeedView.swift in Sources */ = {isa = PBXBuildFile; fileRef = C297248F2F351982009BFD38 /* FeedView.swift */; };
		C29724932F351B0F009BFD38 /* ProfileView.swift in Sources */ = {isa = PBXBuildFile; fileRef = C29724922F351B0A009BFD38 /* ProfileView.swift */; };
		C29724972F35226E009BFD38 /* Post.swift in Sources */ = {isa = PBXBuildFile; fileRef = C29724942F351E4F009BFD38 /* Post.swift */; };
		C29724982F352272009BFD38 /* User.swift in Sources */ = {isa = PBXBuildFile; fileRef = C297248E2F351946009BFD38 /* User.swift */; };
		C297249A2F352528009BFD38 /* PostView.swift in Sources */ = {isa = PBXBuildFile; fileRef = C29724992F352521009BFD38 /* PostView.swift */; };
		C2BA3A362F54C0520031AC4D /* Comment.swift in Sources */ = {isa = PBXBuildFile; fileRef = C2BA3A352F54C0520031AC4D /* Comment.swift */; };
		FEEDBEEF0000000000000001 /* APIModels.swift in Sources */ = {isa = PBXBuildFile; fileRef = FEEDC0DE0000000000000001 /* APIModels.swift */; };
		FEEDBEEF0000000000000002 /* APIError.swift in Sources */ = {isa = PBXBuildFile; fileRef = FEEDC0DE0000000000000002 /* APIError.swift */; };
		FEEDBEEF0000000000000003 /* KeychainStore.swift in Sources */ = {isa = PBXBuildFile; fileRef = FEEDC0DE0000000000000003 /* KeychainStore.swift */; };
		FEEDBEEF0000000000000004 /* Theme.swift in Sources */ = {isa = PBXBuildFile; fileRef = FEEDC0DE0000000000000004 /* Theme.swift */; };
		FEEDBEEF0000000000000005 /* SessionStore.swift in Sources */ = {isa = PBXBuildFile; fileRef = FEEDC0DE0000000000000005 /* SessionStore.swift */; };
		FEEDBEEF0000000000000006 /* FeedViewModel.swift in Sources */ = {isa = PBXBuildFile; fileRef = FEEDC0DE0000000000000006 /* FeedViewModel.swift */; };
		FEEDBEEF0000000000000007 /* PostDetailViewModel.swift in Sources */ = {isa = PBXBuildFile; fileRef = FEEDC0DE0000000000000007 /* PostDetailViewModel.swift */; };
		FEEDBEEF0000000000000008 /* ComposePostViewModel.swift in Sources */ = {isa = PBXBuildFile; fileRef = FEEDC0DE0000000000000008 /* ComposePostViewModel.swift */; };
		FEEDBEEF0000000000000009 /* ProfileViewModel.swift in Sources */ = {isa = PBXBuildFile; fileRef = FEEDC0DE0000000000000009 /* ProfileViewModel.swift */; };
		FEEDBEEF000000000000000A /* SearchViewModel.swift in Sources */ = {isa = PBXBuildFile; fileRef = FEEDC0DE000000000000000A /* SearchViewModel.swift */; };
		FEEDBEEF000000000000000B /* UserListViewModel.swift in Sources */ = {isa = PBXBuildFile; fileRef = FEEDC0DE000000000000000B /* UserListViewModel.swift */; };
		FEEDBEEF000000000000000C /* SettingsViewModel.swift in Sources */ = {isa = PBXBuildFile; fileRef = FEEDC0DE000000000000000C /* SettingsViewModel.swift */; };
		FEEDBEEF000000000000000D /* AuthView.swift in Sources */ = {isa = PBXBuildFile; fileRef = FEEDC0DE000000000000000D /* AuthView.swift */; };
		FEEDBEEF000000000000000E /* ComposePostView.swift in Sources */ = {isa = PBXBuildFile; fileRef = FEEDC0DE000000000000000E /* ComposePostView.swift */; };
		FEEDBEEF000000000000000F /* EditProfileView.swift in Sources */ = {isa = PBXBuildFile; fileRef = FEEDC0DE000000000000000F /* EditProfileView.swift */; };
		FEEDBEEF0000000000000010 /* AccountSettingsView.swift in Sources */ = {isa = PBXBuildFile; fileRef = FEEDC0DE0000000000000010 /* AccountSettingsView.swift */; };
		FEEDBEEF0000000000000011 /* SettingsView.swift in Sources */ = {isa = PBXBuildFile; fileRef = FEEDC0DE0000000000000011 /* SettingsView.swift */; };
		FEEDBEEF0000000000000012 /* UserListView.swift in Sources */ = {isa = PBXBuildFile; fileRef = FEEDC0DE0000000000000012 /* UserListView.swift */; };
		FEEDBEEF0000000000000013 /* AvatarView.swift in Sources */ = {isa = PBXBuildFile; fileRef = FEEDC0DE0000000000000013 /* AvatarView.swift */; };
		FEEDBEEF0000000000000014 /* ActionButtons.swift in Sources */ = {isa = PBXBuildFile; fileRef = FEEDC0DE0000000000000014 /* ActionButtons.swift */; };
		FEEDBEEF0000000000000015 /* StateViews.swift in Sources */ = {isa = PBXBuildFile; fileRef = FEEDC0DE0000000000000015 /* StateViews.swift */; };
		FEEDBEEF0000000000000016 /* MusicCardView.swift in Sources */ = {isa = PBXBuildFile; fileRef = FEEDC0DE0000000000000016 /* MusicCardView.swift */; };
/* End PBXBuildFile section */

/* Begin PBXContainerItemProxy section */
		C24561032F377BB6007765DF /* PBXContainerItemProxy */ = {
			isa = PBXContainerItemProxy;
			containerPortal = C297246A2F350FB5009BFD38 /* Project object */;
			proxyType = 1;
			remoteGlobalIDString = C29724712F350FB5009BFD38;
			remoteInfo = Setlist;
		};
/* End PBXContainerItemProxy section */

/* Begin PBXFileReference section */
		C24560F92F3771AB007765DF /* APIService.swift */ = {isa = PBXFileReference; lastKnownFileType = sourcecode.swift; path = APIService.swift; sourceTree = "<group>"; };
		C24560FF2F377BB6007765DF /* SetlistTests.xctest */ = {isa = PBXFileReference; explicitFileType = wrapper.cfbundle; includeInIndex = 0; path = SetlistTests.xctest; sourceTree = BUILT_PRODUCTS_DIR; };
		C27EB9C42F3B7E7600C3D598 /* SearchView.swift */ = {isa = PBXFileReference; lastKnownFileType = sourcecode.swift; path = SearchView.swift; sourceTree = "<group>"; };
		C29724722F350FB5009BFD38 /* Setlist.app */ = {isa = PBXFileReference; explicitFileType = wrapper.application; includeInIndex = 0; path = Setlist.app; sourceTree = BUILT_PRODUCTS_DIR; };
		C29724752F350FB5009BFD38 /* SetlistApp.swift */ = {isa = PBXFileReference; lastKnownFileType = sourcecode.swift; path = SetlistApp.swift; sourceTree = "<group>"; };
		C29724772F350FB5009BFD38 /* ContentView.swift */ = {isa = PBXFileReference; lastKnownFileType = sourcecode.swift; path = ContentView.swift; sourceTree = "<group>"; };
		C297247C2F350FB6009BFD38 /* Preview Assets.xcassets */ = {isa = PBXFileReference; lastKnownFileType = folder.assetcatalog; path = "Preview Assets.xcassets"; sourceTree = "<group>"; };
		C297248B2F35117E009BFD38 /* Assets.xcassets */ = {isa = PBXFileReference; lastKnownFileType = folder.assetcatalog; path = Assets.xcassets; sourceTree = "<group>"; };
		C297248E2F351946009BFD38 /* User.swift */ = {isa = PBXFileReference; lastKnownFileType = sourcecode.swift; path = User.swift; sourceTree = "<group>"; };
		C297248F2F351982009BFD38 /* FeedView.swift */ = {isa = PBXFileReference; lastKnownFileType = sourcecode.swift; path = FeedView.swift; sourceTree = "<group>"; };
		C29724922F351B0A009BFD38 /* ProfileView.swift */ = {isa = PBXFileReference; lastKnownFileType = sourcecode.swift; path = ProfileView.swift; sourceTree = "<group>"; };
		C29724942F351E4F009BFD38 /* Post.swift */ = {isa = PBXFileReference; lastKnownFileType = sourcecode.swift; path = Post.swift; sourceTree = "<group>"; };
		C29724992F352521009BFD38 /* PostView.swift */ = {isa = PBXFileReference; lastKnownFileType = sourcecode.swift; path = PostView.swift; sourceTree = "<group>"; };
		C2BA3A352F54C0520031AC4D /* Comment.swift */ = {isa = PBXFileReference; lastKnownFileType = sourcecode.swift; path = Comment.swift; sourceTree = "<group>"; };
		FEEDC0DE0000000000000001 /* APIModels.swift */ = {isa = PBXFileReference; lastKnownFileType = sourcecode.swift; path = APIModels.swift; sourceTree = "<group>"; };
		FEEDC0DE0000000000000002 /* APIError.swift */ = {isa = PBXFileReference; lastKnownFileType = sourcecode.swift; path = APIError.swift; sourceTree = "<group>"; };
		FEEDC0DE0000000000000003 /* KeychainStore.swift */ = {isa = PBXFileReference; lastKnownFileType = sourcecode.swift; path = KeychainStore.swift; sourceTree = "<group>"; };
		FEEDC0DE0000000000000004 /* Theme.swift */ = {isa = PBXFileReference; lastKnownFileType = sourcecode.swift; path = Theme.swift; sourceTree = "<group>"; };
		FEEDC0DE0000000000000005 /* SessionStore.swift */ = {isa = PBXFileReference; lastKnownFileType = sourcecode.swift; path = SessionStore.swift; sourceTree = "<group>"; };
		FEEDC0DE0000000000000006 /* FeedViewModel.swift */ = {isa = PBXFileReference; lastKnownFileType = sourcecode.swift; path = FeedViewModel.swift; sourceTree = "<group>"; };
		FEEDC0DE0000000000000007 /* PostDetailViewModel.swift */ = {isa = PBXFileReference; lastKnownFileType = sourcecode.swift; path = PostDetailViewModel.swift; sourceTree = "<group>"; };
		FEEDC0DE0000000000000008 /* ComposePostViewModel.swift */ = {isa = PBXFileReference; lastKnownFileType = sourcecode.swift; path = ComposePostViewModel.swift; sourceTree = "<group>"; };
		FEEDC0DE0000000000000009 /* ProfileViewModel.swift */ = {isa = PBXFileReference; lastKnownFileType = sourcecode.swift; path = ProfileViewModel.swift; sourceTree = "<group>"; };
		FEEDC0DE000000000000000A /* SearchViewModel.swift */ = {isa = PBXFileReference; lastKnownFileType = sourcecode.swift; path = SearchViewModel.swift; sourceTree = "<group>"; };
		FEEDC0DE000000000000000B /* UserListViewModel.swift */ = {isa = PBXFileReference; lastKnownFileType = sourcecode.swift; path = UserListViewModel.swift; sourceTree = "<group>"; };
		FEEDC0DE000000000000000C /* SettingsViewModel.swift */ = {isa = PBXFileReference; lastKnownFileType = sourcecode.swift; path = SettingsViewModel.swift; sourceTree = "<group>"; };
		FEEDC0DE000000000000000D /* AuthView.swift */ = {isa = PBXFileReference; lastKnownFileType = sourcecode.swift; path = AuthView.swift; sourceTree = "<group>"; };
		FEEDC0DE000000000000000E /* ComposePostView.swift */ = {isa = PBXFileReference; lastKnownFileType = sourcecode.swift; path = ComposePostView.swift; sourceTree = "<group>"; };
		FEEDC0DE000000000000000F /* EditProfileView.swift */ = {isa = PBXFileReference; lastKnownFileType = sourcecode.swift; path = EditProfileView.swift; sourceTree = "<group>"; };
		FEEDC0DE0000000000000010 /* AccountSettingsView.swift */ = {isa = PBXFileReference; lastKnownFileType = sourcecode.swift; path = AccountSettingsView.swift; sourceTree = "<group>"; };
		FEEDC0DE0000000000000011 /* SettingsView.swift */ = {isa = PBXFileReference; lastKnownFileType = sourcecode.swift; path = SettingsView.swift; sourceTree = "<group>"; };
		FEEDC0DE0000000000000012 /* UserListView.swift */ = {isa = PBXFileReference; lastKnownFileType = sourcecode.swift; path = UserListView.swift; sourceTree = "<group>"; };
		FEEDC0DE0000000000000013 /* AvatarView.swift */ = {isa = PBXFileReference; lastKnownFileType = sourcecode.swift; path = AvatarView.swift; sourceTree = "<group>"; };
		FEEDC0DE0000000000000014 /* ActionButtons.swift */ = {isa = PBXFileReference; lastKnownFileType = sourcecode.swift; path = ActionButtons.swift; sourceTree = "<group>"; };
		FEEDC0DE0000000000000015 /* StateViews.swift */ = {isa = PBXFileReference; lastKnownFileType = sourcecode.swift; path = StateViews.swift; sourceTree = "<group>"; };
		FEEDC0DE0000000000000016 /* MusicCardView.swift */ = {isa = PBXFileReference; lastKnownFileType = sourcecode.swift; path = MusicCardView.swift; sourceTree = "<group>"; };
/* End PBXFileReference section */

/* Begin PBXFileSystemSynchronizedRootGroup section */
		C24561002F377BB6007765DF /* SetlistTests */ = {
			isa = PBXFileSystemSynchronizedRootGroup;
			path = SetlistTests;
			sourceTree = "<group>";
		};
/* End PBXFileSystemSynchronizedRootGroup section */

/* Begin PBXFrameworksBuildPhase section */
		C24560FC2F377BB6007765DF /* Frameworks */ = {
			isa = PBXFrameworksBuildPhase;
			buildActionMask = 2147483647;
			files = (
			);
			runOnlyForDeploymentPostprocessing = 0;
		};
		C297246F2F350FB5009BFD38 /* Frameworks */ = {
			isa = PBXFrameworksBuildPhase;
			buildActionMask = 2147483647;
			files = (
			);
			runOnlyForDeploymentPostprocessing = 0;
		};
/* End PBXFrameworksBuildPhase section */

/* Begin PBXGroup section */
		C29724692F350FB5009BFD38 = {
			isa = PBXGroup;
			children = (
				C297248A2F3510E2009BFD38 /* Networking */,
				C29724892F3510D5009BFD38 /* Resources */,
				C29724882F3510CC009BFD38 /* ViewModels */,
				C29724872F3510B7009BFD38 /* Models */,
				C29724842F35109F009BFD38 /* Views */,
				C29724832F35108C009BFD38 /* App */,
				C24561002F377BB6007765DF /* SetlistTests */,
				C29724732F350FB5009BFD38 /* Products */,
			);
			sourceTree = "<group>";
		};
		C29724732F350FB5009BFD38 /* Products */ = {
			isa = PBXGroup;
			children = (
				C29724722F350FB5009BFD38 /* Setlist.app */,
				C24560FF2F377BB6007765DF /* SetlistTests.xctest */,
			);
			name = Products;
			sourceTree = "<group>";
		};
		C29724832F35108C009BFD38 /* App */ = {
			isa = PBXGroup;
			children = (
				FEEDC0DE0000000000000004 /* Theme.swift */,
				C29724752F350FB5009BFD38 /* SetlistApp.swift */,
			);
			path = App;
			sourceTree = "<group>";
		};
		C29724842F35109F009BFD38 /* Views */ = {
			isa = PBXGroup;
			children = (
				FEEDC0DE000000000000A001 /* Components */,
				FEEDC0DE000000000000000D /* AuthView.swift */,
				FEEDC0DE000000000000000E /* ComposePostView.swift */,
				FEEDC0DE000000000000000F /* EditProfileView.swift */,
				FEEDC0DE0000000000000010 /* AccountSettingsView.swift */,
				FEEDC0DE0000000000000011 /* SettingsView.swift */,
				FEEDC0DE0000000000000012 /* UserListView.swift */,
				C27EB9C42F3B7E7600C3D598 /* SearchView.swift */,
				C29724992F352521009BFD38 /* PostView.swift */,
				C29724922F351B0A009BFD38 /* ProfileView.swift */,
				C297248F2F351982009BFD38 /* FeedView.swift */,
				C29724772F350FB5009BFD38 /* ContentView.swift */,
			);
			path = Views;
			sourceTree = "<group>";
		};
		C29724872F3510B7009BFD38 /* Models */ = {
			isa = PBXGroup;
			children = (
				FEEDC0DE0000000000000001 /* APIModels.swift */,
				C2BA3A352F54C0520031AC4D /* Comment.swift */,
				C29724942F351E4F009BFD38 /* Post.swift */,
				C297248E2F351946009BFD38 /* User.swift */,
			);
			path = Models;
			sourceTree = "<group>";
		};
		C29724882F3510CC009BFD38 /* ViewModels */ = {
			isa = PBXGroup;
			children = (
				FEEDC0DE0000000000000005 /* SessionStore.swift */,
				FEEDC0DE0000000000000006 /* FeedViewModel.swift */,
				FEEDC0DE0000000000000007 /* PostDetailViewModel.swift */,
				FEEDC0DE0000000000000008 /* ComposePostViewModel.swift */,
				FEEDC0DE0000000000000009 /* ProfileViewModel.swift */,
				FEEDC0DE000000000000000A /* SearchViewModel.swift */,
				FEEDC0DE000000000000000B /* UserListViewModel.swift */,
				FEEDC0DE000000000000000C /* SettingsViewModel.swift */,
			);
			path = ViewModels;
			sourceTree = "<group>";
		};
		C29724892F3510D5009BFD38 /* Resources */ = {
			isa = PBXGroup;
			children = (
				C297248D2F351225009BFD38 /* Preview Content */,
				C297248B2F35117E009BFD38 /* Assets.xcassets */,
			);
			path = Resources;
			sourceTree = "<group>";
		};
		C297248A2F3510E2009BFD38 /* Networking */ = {
			isa = PBXGroup;
			children = (
				FEEDC0DE0000000000000002 /* APIError.swift */,
				FEEDC0DE0000000000000003 /* KeychainStore.swift */,
				C24560F92F3771AB007765DF /* APIService.swift */,
			);
			path = Networking;
			sourceTree = "<group>";
		};
		C297248D2F351225009BFD38 /* Preview Content */ = {
			isa = PBXGroup;
			children = (
				C297247C2F350FB6009BFD38 /* Preview Assets.xcassets */,
			);
			path = "Preview Content";
			sourceTree = "<group>";
		};
		FEEDC0DE000000000000A001 /* Components */ = {
			isa = PBXGroup;
			children = (
				FEEDC0DE0000000000000013 /* AvatarView.swift */,
				FEEDC0DE0000000000000014 /* ActionButtons.swift */,
				FEEDC0DE0000000000000015 /* StateViews.swift */,
				FEEDC0DE0000000000000016 /* MusicCardView.swift */,
			);
			path = Components;
			sourceTree = "<group>";
		};
/* End PBXGroup section */

/* Begin PBXNativeTarget section */
		C24560FE2F377BB6007765DF /* SetlistTests */ = {
			isa = PBXNativeTarget;
			buildConfigurationList = C24561052F377BB6007765DF /* Build configuration list for PBXNativeTarget "SetlistTests" */;
			buildPhases = (
				C24560FB2F377BB6007765DF /* Sources */,
				C24560FC2F377BB6007765DF /* Frameworks */,
				C24560FD2F377BB6007765DF /* Resources */,
			);
			buildRules = (
			);
			dependencies = (
				C24561042F377BB6007765DF /* PBXTargetDependency */,
			);
			fileSystemSynchronizedGroups = (
				C24561002F377BB6007765DF /* SetlistTests */,
			);
			name = SetlistTests;
			packageProductDependencies = (
			);
			productName = SetlistTests;
			productReference = C24560FF2F377BB6007765DF /* SetlistTests.xctest */;
			productType = "com.apple.product-type.bundle.unit-test";
		};
		C29724712F350FB5009BFD38 /* Setlist */ = {
			isa = PBXNativeTarget;
			buildConfigurationList = C29724802F350FB6009BFD38 /* Build configuration list for PBXNativeTarget "Setlist" */;
			buildPhases = (
				C297246E2F350FB5009BFD38 /* Sources */,
				C297246F2F350FB5009BFD38 /* Frameworks */,
				C29724702F350FB5009BFD38 /* Resources */,
			);
			buildRules = (
			);
			dependencies = (
			);
			name = Setlist;
			packageProductDependencies = (
			);
			productName = Setlist;
			productReference = C29724722F350FB5009BFD38 /* Setlist.app */;
			productType = "com.apple.product-type.application";
		};
/* End PBXNativeTarget section */

/* Begin PBXProject section */
		C297246A2F350FB5009BFD38 /* Project object */ = {
			isa = PBXProject;
			attributes = {
				BuildIndependentTargetsInParallel = 1;
				LastSwiftUpdateCheck = 1610;
				LastUpgradeCheck = 1610;
				TargetAttributes = {
					C24560FE2F377BB6007765DF = {
						CreatedOnToolsVersion = 16.1;
						TestTargetID = C29724712F350FB5009BFD38;
					};
					C29724712F350FB5009BFD38 = {
						CreatedOnToolsVersion = 16.1;
					};
				};
			};
			buildConfigurationList = C297246D2F350FB5009BFD38 /* Build configuration list for PBXProject "Setlist" */;
			developmentRegion = en;
			hasScannedForEncodings = 0;
			knownRegions = (
				en,
				Base,
			);
			mainGroup = C29724692F350FB5009BFD38;
			minimizedProjectReferenceProxies = 1;
			preferredProjectObjectVersion = 77;
			productRefGroup = C29724732F350FB5009BFD38 /* Products */;
			projectDirPath = "";
			projectRoot = "";
			targets = (
				C29724712F350FB5009BFD38 /* Setlist */,
				C24560FE2F377BB6007765DF /* SetlistTests */,
			);
		};
/* End PBXProject section */

/* Begin PBXResourcesBuildPhase section */
		C24560FD2F377BB6007765DF /* Resources */ = {
			isa = PBXResourcesBuildPhase;
			buildActionMask = 2147483647;
			files = (
			);
			runOnlyForDeploymentPostprocessing = 0;
		};
		C29724702F350FB5009BFD38 /* Resources */ = {
			isa = PBXResourcesBuildPhase;
			buildActionMask = 2147483647;
			files = (
				C297248C2F35117E009BFD38 /* Assets.xcassets in Resources */,
				C297247D2F350FB6009BFD38 /* Preview Assets.xcassets in Resources */,
			);
			runOnlyForDeploymentPostprocessing = 0;
		};
/* End PBXResourcesBuildPhase section */

/* Begin PBXSourcesBuildPhase section */
		C24560FB2F377BB6007765DF /* Sources */ = {
			isa = PBXSourcesBuildPhase;
			buildActionMask = 2147483647;
			files = (
			);
			runOnlyForDeploymentPostprocessing = 0;
		};
		C297246E2F350FB5009BFD38 /* Sources */ = {
			isa = PBXSourcesBuildPhase;
			buildActionMask = 2147483647;
			files = (
				FEEDBEEF0000000000000001 /* APIModels.swift in Sources */,
				FEEDBEEF0000000000000002 /* APIError.swift in Sources */,
				FEEDBEEF0000000000000003 /* KeychainStore.swift in Sources */,
				FEEDBEEF0000000000000004 /* Theme.swift in Sources */,
				FEEDBEEF0000000000000005 /* SessionStore.swift in Sources */,
				FEEDBEEF0000000000000006 /* FeedViewModel.swift in Sources */,
				FEEDBEEF0000000000000007 /* PostDetailViewModel.swift in Sources */,
				FEEDBEEF0000000000000008 /* ComposePostViewModel.swift in Sources */,
				FEEDBEEF0000000000000009 /* ProfileViewModel.swift in Sources */,
				FEEDBEEF000000000000000A /* SearchViewModel.swift in Sources */,
				FEEDBEEF000000000000000B /* UserListViewModel.swift in Sources */,
				FEEDBEEF000000000000000C /* SettingsViewModel.swift in Sources */,
				FEEDBEEF000000000000000D /* AuthView.swift in Sources */,
				FEEDBEEF000000000000000E /* ComposePostView.swift in Sources */,
				FEEDBEEF000000000000000F /* EditProfileView.swift in Sources */,
				FEEDBEEF0000000000000010 /* AccountSettingsView.swift in Sources */,
				FEEDBEEF0000000000000011 /* SettingsView.swift in Sources */,
				FEEDBEEF0000000000000012 /* UserListView.swift in Sources */,
				FEEDBEEF0000000000000013 /* AvatarView.swift in Sources */,
				FEEDBEEF0000000000000014 /* ActionButtons.swift in Sources */,
				FEEDBEEF0000000000000015 /* StateViews.swift in Sources */,
				FEEDBEEF0000000000000016 /* MusicCardView.swift in Sources */,
				C29724932F351B0F009BFD38 /* ProfileView.swift in Sources */,
				C27EB9C52F3B7E7600C3D598 /* SearchView.swift in Sources */,
				C29724782F350FB5009BFD38 /* ContentView.swift in Sources */,
				C29724762F350FB5009BFD38 /* SetlistApp.swift in Sources */,
				C29724972F35226E009BFD38 /* Post.swift in Sources */,
				C2BA3A362F54C0520031AC4D /* Comment.swift in Sources */,
				C297249A2F352528009BFD38 /* PostView.swift in Sources */,
				C29724902F351988009BFD38 /* FeedView.swift in Sources */,
				C24560FA2F377283007765DF /* APIService.swift in Sources */,
				C29724982F352272009BFD38 /* User.swift in Sources */,
			);
			runOnlyForDeploymentPostprocessing = 0;
		};
/* End PBXSourcesBuildPhase section */

/* Begin PBXTargetDependency section */
		C24561042F377BB6007765DF /* PBXTargetDependency */ = {
			isa = PBXTargetDependency;
			target = C29724712F350FB5009BFD38 /* Setlist */;
			targetProxy = C24561032F377BB6007765DF /* PBXContainerItemProxy */;
		};
/* End PBXTargetDependency section */

/* Begin XCBuildConfiguration section */
		C24561062F377BB6007765DF /* Debug */ = {
			isa = XCBuildConfiguration;
			buildSettings = {
				BUNDLE_LOADER = "$(TEST_HOST)";
				CODE_SIGN_STYLE = Automatic;
				CURRENT_PROJECT_VERSION = 1;
				GENERATE_INFOPLIST_FILE = YES;
				MARKETING_VERSION = 1.0;
				PRODUCT_BUNDLE_IDENTIFIER = com.kalvoada.SetlistTests;
				PRODUCT_NAME = "$(TARGET_NAME)";
				SWIFT_EMIT_LOC_STRINGS = NO;
				SWIFT_VERSION = 5.0;
				TARGETED_DEVICE_FAMILY = "1,2";
				TEST_HOST = "$(BUILT_PRODUCTS_DIR)/Setlist.app/$(BUNDLE_EXECUTABLE_FOLDER_PATH)/Setlist";
			};
			name = Debug;
		};
		C24561072F377BB6007765DF /* Release */ = {
			isa = XCBuildConfiguration;
			buildSettings = {
				BUNDLE_LOADER = "$(TEST_HOST)";
				CODE_SIGN_STYLE = Automatic;
				CURRENT_PROJECT_VERSION = 1;
				GENERATE_INFOPLIST_FILE = YES;
				MARKETING_VERSION = 1.0;
				PRODUCT_BUNDLE_IDENTIFIER = com.kalvoada.SetlistTests;
				PRODUCT_NAME = "$(TARGET_NAME)";
				SWIFT_EMIT_LOC_STRINGS = NO;
				SWIFT_VERSION = 5.0;
				TARGETED_DEVICE_FAMILY = "1,2";
				TEST_HOST = "$(BUILT_PRODUCTS_DIR)/Setlist.app/$(BUNDLE_EXECUTABLE_FOLDER_PATH)/Setlist";
			};
			name = Release;
		};
		C297247E2F350FB6009BFD38 /* Debug */ = {
			isa = XCBuildConfiguration;
			buildSettings = {
				ALWAYS_SEARCH_USER_PATHS = NO;
				ASSETCATALOG_COMPILER_GENERATE_SWIFT_ASSET_SYMBOL_EXTENSIONS = YES;
				CLANG_ANALYZER_NONNULL = YES;
				CLANG_ANALYZER_NUMBER_OBJECT_CONVERSION = YES_AGGRESSIVE;
				CLANG_CXX_LANGUAGE_STANDARD = "gnu++20";
				CLANG_ENABLE_MODULES = YES;
				CLANG_ENABLE_OBJC_ARC = YES;
				CLANG_ENABLE_OBJC_WEAK = YES;
				CLANG_WARN_BLOCK_CAPTURE_AUTORELEASING = YES;
				CLANG_WARN_BOOL_CONVERSION = YES;
				CLANG_WARN_COMMA = YES;
				CLANG_WARN_CONSTANT_CONVERSION = YES;
				CLANG_WARN_DEPRECATED_OBJC_IMPLEMENTATIONS = YES;
				CLANG_WARN_DIRECT_OBJC_ISA_USAGE = YES_ERROR;
				CLANG_WARN_DOCUMENTATION_COMMENTS = YES;
				CLANG_WARN_EMPTY_BODY = YES;
				CLANG_WARN_ENUM_CONVERSION = YES;
				CLANG_WARN_INFINITE_RECURSION = YES;
				CLANG_WARN_INT_CONVERSION = YES;
				CLANG_WARN_NON_LITERAL_NULL_CONVERSION = YES;
				CLANG_WARN_OBJC_IMPLICIT_RETAIN_SELF = YES;
				CLANG_WARN_OBJC_LITERAL_CONVERSION = YES;
				CLANG_WARN_OBJC_ROOT_CLASS = YES_ERROR;
				CLANG_WARN_QUOTED_INCLUDE_IN_FRAMEWORK_HEADER = YES;
				CLANG_WARN_RANGE_LOOP_ANALYSIS = YES;
				CLANG_WARN_STRICT_PROTOTYPES = YES;
				CLANG_WARN_SUSPICIOUS_MOVE = YES;
				CLANG_WARN_UNGUARDED_AVAILABILITY = YES_AGGRESSIVE;
				CLANG_WARN_UNREACHABLE_CODE = YES;
				CLANG_WARN__DUPLICATE_METHOD_MATCH = YES;
				COPY_PHASE_STRIP = NO;
				DEBUG_INFORMATION_FORMAT = dwarf;
				ENABLE_STRICT_OBJC_MSGSEND = YES;
				ENABLE_TESTABILITY = YES;
				ENABLE_USER_SCRIPT_SANDBOXING = YES;
				GCC_C_LANGUAGE_STANDARD = gnu17;
				GCC_DYNAMIC_NO_PIC = NO;
				GCC_NO_COMMON_BLOCKS = YES;
				GCC_OPTIMIZATION_LEVEL = 0;
				GCC_PREPROCESSOR_DEFINITIONS = (
					"DEBUG=1",
					"$(inherited)",
				);
				GCC_WARN_64_TO_32_BIT_CONVERSION = YES;
				GCC_WARN_ABOUT_RETURN_TYPE = YES_ERROR;
				GCC_WARN_UNDECLARED_SELECTOR = YES;
				GCC_WARN_UNINITIALIZED_AUTOS = YES_AGGRESSIVE;
				GCC_WARN_UNUSED_FUNCTION = YES;
				GCC_WARN_UNUSED_VARIABLE = YES;
				IPHONEOS_DEPLOYMENT_TARGET = 18.1;
				LOCALIZATION_PREFERS_STRING_CATALOGS = YES;
				MTL_ENABLE_DEBUG_INFO = INCLUDE_SOURCE;
				MTL_FAST_MATH = YES;
				ONLY_ACTIVE_ARCH = YES;
				SDKROOT = iphoneos;
				SWIFT_ACTIVE_COMPILATION_CONDITIONS = "DEBUG $(inherited)";
				SWIFT_OPTIMIZATION_LEVEL = "-Onone";
			};
			name = Debug;
		};
		C297247F2F350FB6009BFD38 /* Release */ = {
			isa = XCBuildConfiguration;
			buildSettings = {
				ALWAYS_SEARCH_USER_PATHS = NO;
				ASSETCATALOG_COMPILER_GENERATE_SWIFT_ASSET_SYMBOL_EXTENSIONS = YES;
				CLANG_ANALYZER_NONNULL = YES;
				CLANG_ANALYZER_NUMBER_OBJECT_CONVERSION = YES_AGGRESSIVE;
				CLANG_CXX_LANGUAGE_STANDARD = "gnu++20";
				CLANG_ENABLE_MODULES = YES;
				CLANG_ENABLE_OBJC_ARC = YES;
				CLANG_ENABLE_OBJC_WEAK = YES;
				CLANG_WARN_BLOCK_CAPTURE_AUTORELEASING = YES;
				CLANG_WARN_BOOL_CONVERSION = YES;
				CLANG_WARN_COMMA = YES;
				CLANG_WARN_CONSTANT_CONVERSION = YES;
				CLANG_WARN_DEPRECATED_OBJC_IMPLEMENTATIONS = YES;
				CLANG_WARN_DIRECT_OBJC_ISA_USAGE = YES_ERROR;
				CLANG_WARN_DOCUMENTATION_COMMENTS = YES;
				CLANG_WARN_EMPTY_BODY = YES;
				CLANG_WARN_ENUM_CONVERSION = YES;
				CLANG_WARN_INFINITE_RECURSION = YES;
				CLANG_WARN_INT_CONVERSION = YES;
				CLANG_WARN_NON_LITERAL_NULL_CONVERSION = YES;
				CLANG_WARN_OBJC_IMPLICIT_RETAIN_SELF = YES;
				CLANG_WARN_OBJC_LITERAL_CONVERSION = YES;
				CLANG_WARN_OBJC_ROOT_CLASS = YES_ERROR;
				CLANG_WARN_QUOTED_INCLUDE_IN_FRAMEWORK_HEADER = YES;
				CLANG_WARN_RANGE_LOOP_ANALYSIS = YES;
				CLANG_WARN_STRICT_PROTOTYPES = YES;
				CLANG_WARN_SUSPICIOUS_MOVE = YES;
				CLANG_WARN_UNGUARDED_AVAILABILITY = YES_AGGRESSIVE;
				CLANG_WARN_UNREACHABLE_CODE = YES;
				CLANG_WARN__DUPLICATE_METHOD_MATCH = YES;
				COPY_PHASE_STRIP = NO;
				DEBUG_INFORMATION_FORMAT = "dwarf-with-dsym";
				ENABLE_NS_ASSERTIONS = NO;
				ENABLE_STRICT_OBJC_MSGSEND = YES;
				ENABLE_USER_SCRIPT_SANDBOXING = YES;
				GCC_C_LANGUAGE_STANDARD = gnu17;
				GCC_NO_COMMON_BLOCKS = YES;
				GCC_WARN_64_TO_32_BIT_CONVERSION = YES;
				GCC_WARN_ABOUT_RETURN_TYPE = YES_ERROR;
				GCC_WARN_UNDECLARED_SELECTOR = YES;
				GCC_WARN_UNINITIALIZED_AUTOS = YES_AGGRESSIVE;
				GCC_WARN_UNUSED_FUNCTION = YES;
				GCC_WARN_UNUSED_VARIABLE = YES;
				IPHONEOS_DEPLOYMENT_TARGET = 18.1;
				LOCALIZATION_PREFERS_STRING_CATALOGS = YES;
				MTL_ENABLE_DEBUG_INFO = NO;
				MTL_FAST_MATH = YES;
				SDKROOT = iphoneos;
				SWIFT_COMPILATION_MODE = wholemodule;
				VALIDATE_PRODUCT = YES;
			};
			name = Release;
		};
		C29724812F350FB6009BFD38 /* Debug */ = {
			isa = XCBuildConfiguration;
			buildSettings = {
				ASSETCATALOG_COMPILER_APPICON_NAME = AppIcon;
				ASSETCATALOG_COMPILER_GLOBAL_ACCENT_COLOR_NAME = AccentColor;
				CODE_SIGN_STYLE = Automatic;
				CURRENT_PROJECT_VERSION = 1;
				DEVELOPMENT_ASSET_PATHS = "\"Resources/Preview Content\"";
				ENABLE_PREVIEWS = YES;
				GENERATE_INFOPLIST_FILE = YES;
				INFOPLIST_KEY_SetlistAPIBaseURL = "http://127.0.0.1:8000";
				INFOPLIST_KEY_UIApplicationSceneManifest_Generation = YES;
				INFOPLIST_KEY_UIApplicationSupportsIndirectInputEvents = YES;
				INFOPLIST_KEY_UILaunchScreen_Generation = YES;
				INFOPLIST_KEY_UISupportedInterfaceOrientations_iPad = "UIInterfaceOrientationPortrait UIInterfaceOrientationPortraitUpsideDown UIInterfaceOrientationLandscapeLeft UIInterfaceOrientationLandscapeRight";
				INFOPLIST_KEY_UISupportedInterfaceOrientations_iPhone = "UIInterfaceOrientationPortrait UIInterfaceOrientationLandscapeLeft UIInterfaceOrientationLandscapeRight";
				LD_RUNPATH_SEARCH_PATHS = (
					"$(inherited)",
					"@executable_path/Frameworks",
				);
				MARKETING_VERSION = 1.0;
				PRODUCT_BUNDLE_IDENTIFIER = com.kalvoada.Setlist;
				PRODUCT_NAME = "$(TARGET_NAME)";
				SWIFT_EMIT_LOC_STRINGS = YES;
				SWIFT_VERSION = 5.0;
				TARGETED_DEVICE_FAMILY = "1,2";
			};
			name = Debug;
		};
		C29724822F350FB6009BFD38 /* Release */ = {
			isa = XCBuildConfiguration;
			buildSettings = {
				ASSETCATALOG_COMPILER_APPICON_NAME = AppIcon;
				ASSETCATALOG_COMPILER_GLOBAL_ACCENT_COLOR_NAME = AccentColor;
				CODE_SIGN_STYLE = Automatic;
				CURRENT_PROJECT_VERSION = 1;
				DEVELOPMENT_ASSET_PATHS = "\"Resources/Preview Content\"";
				ENABLE_PREVIEWS = YES;
				GENERATE_INFOPLIST_FILE = YES;
				INFOPLIST_KEY_SetlistAPIBaseURL = "http://127.0.0.1:8000";
				INFOPLIST_KEY_UIApplicationSceneManifest_Generation = YES;
				INFOPLIST_KEY_UIApplicationSupportsIndirectInputEvents = YES;
				INFOPLIST_KEY_UILaunchScreen_Generation = YES;
				INFOPLIST_KEY_UISupportedInterfaceOrientations_iPad = "UIInterfaceOrientationPortrait UIInterfaceOrientationPortraitUpsideDown UIInterfaceOrientationLandscapeLeft UIInterfaceOrientationLandscapeRight";
				INFOPLIST_KEY_UISupportedInterfaceOrientations_iPhone = "UIInterfaceOrientationPortrait UIInterfaceOrientationLandscapeLeft UIInterfaceOrientationLandscapeRight";
				LD_RUNPATH_SEARCH_PATHS = (
					"$(inherited)",
					"@executable_path/Frameworks",
				);
				MARKETING_VERSION = 1.0;
				PRODUCT_BUNDLE_IDENTIFIER = com.kalvoada.Setlist;
				PRODUCT_NAME = "$(TARGET_NAME)";
				SWIFT_EMIT_LOC_STRINGS = YES;
				SWIFT_VERSION = 5.0;
				TARGETED_DEVICE_FAMILY = "1,2";
			};
			name = Release;
		};
/* End XCBuildConfiguration section */

/* Begin XCConfigurationList section */
		C24561052F377BB6007765DF /* Build configuration list for PBXNativeTarget "SetlistTests" */ = {
			isa = XCConfigurationList;
			buildConfigurations = (
				C24561062F377BB6007765DF /* Debug */,
				C24561072F377BB6007765DF /* Release */,
			);
			defaultConfigurationIsVisible = 0;
			defaultConfigurationName = Release;
		};
		C297246D2F350FB5009BFD38 /* Build configuration list for PBXProject "Setlist" */ = {
			isa = XCConfigurationList;
			buildConfigurations = (
				C297247E2F350FB6009BFD38 /* Debug */,
				C297247F2F350FB6009BFD38 /* Release */,
			);
			defaultConfigurationIsVisible = 0;
			defaultConfigurationName = Release;
		};
		C29724802F350FB6009BFD38 /* Build configuration list for PBXNativeTarget "Setlist" */ = {
			isa = XCConfigurationList;
			buildConfigurations = (
				C29724812F350FB6009BFD38 /* Debug */,
				C29724822F350FB6009BFD38 /* Release */,
			);
			defaultConfigurationIsVisible = 0;
			defaultConfigurationName = Release;
		};
/* End XCConfigurationList section */
	};
	rootObject = C297246A2F350FB5009BFD38 /* Project object */;
}
